
Microsoft Visual Studio Solution File, Format Version 12.00
# Visual Studio 14
VisualStudioVersion = 14.0.25420.1
MinimumVisualStudioVersion = 10.0.40219.1
Project("{FAE04EC0-301F-11D3-BF4B-00C04F79EFBC}") = "XamarinFormsHello.Droid", "XamarinFormsHello\XamarinFormsHello.Droid\XamarinFormsHello.Droid.csproj", "{C879E23D-4549-4F61-9948-D4CADADC2CD7}"
EndProject
Project("{FAE04EC0-301F-11D3-BF4B-00C04F79EFBC}") = "XamarinFormsHello.iOS", "XamarinFormsHello\XamarinFormsHello.iOS\XamarinFormsHello.iOS.csproj", "{04E691DF-4AB2-4DBF-8F78-044CB2179BA1}"
EndProject
Project("{FAE04EC0-301F-11D3-BF4B-00C04F79EFBC}") = "XamarinFormsHello.WinPhone", "XamarinFormsHello\XamarinFormsHello.WinPhone\XamarinFormsHello.WinPhone.csproj", "{BD98C0B6-7F43-486D-BF8D-EB4586539893}"
EndProject
Project("{FAE04EC0-301F-11D3-BF4B-00C04F79EFBC}") = "XamarinFormsHello.UWP", "XamarinFormsHello\XamarinFormsHello.UWP\XamarinFormsHello.UWP.csproj", "{D5F7896F-851E-4F5B-A2EA-F43C90BBBEAD}"
EndProject
Project("{FAE04EC0-301F-11D3-BF4B-00C04F79EFBC}") = "XamarinFormsHello.Windows", "XamarinFormsHello\XamarinFormsHello.Windows\XamarinFormsHello.Windows.csproj", "{0D63724A-F7B7-4278-9993-75A62A67F89F}"
EndProject
Project("{FAE04EC0-301F-11D3-BF4B-00C04F79EFBC}") = "XamarinFormsHello", "XamarinFormsHello\XamarinFormsHello\XamarinFormsHello.csproj", "{78269D27-2F16-4EB3-9DC5-D4CF76C0548D}"
EndProject
Global
	GlobalSection(SolutionConfigurationPlatforms) = preSolution
		Ad-Hoc|Any CPU = Ad-Hoc|Any CPU
		Ad-Hoc|ARM = Ad-Hoc|ARM
		Ad-Hoc|iPhone = Ad-Hoc|iPhone
		Ad-Hoc|iPhoneSimulator = Ad-Hoc|iPhoneSimulator
		Ad-Hoc|x64 = Ad-Hoc|x64
		Ad-Hoc|x86 = Ad-Hoc|x86
		AppStore|Any CPU = AppStore|Any CPU
		AppStore|ARM = AppStore|ARM
		AppStore|iPhone = AppStore|iPhone
		AppStore|iPhoneSimulator = AppStore|iPhoneSimulator
		AppStore|x64 = AppStore|x64
		AppStore|x86 = AppStore|x86
		Debug|Any CPU = Debug|Any CPU
		Debug|ARM = Debug|ARM
		Debug|iPhone = Debug|iPhone
		Debug|iPhoneSimulator = Debug|iPhoneSimulator
		Debug|x64 = Debug|x64
		Debug|x86 = Debug|x86
		Release|Any CPU = Release|Any CPU
		Release|ARM = Release|ARM
		Release|iPhone = Release|iPhone
		Release|iPhoneSimulator = Release|iPhoneSimulator
		Release|x64 = Release|x64
		Release|x86 = Release|x86
	EndGlobalSection
	GlobalSection(ProjectConfigurationPlatforms) = postSolution
		{C879E23D-4549-4F61-9948-D4CADADC2CD7}.Ad-Hoc|Any CPU.ActiveCfg = Release|Any CPU
		{C879E23D-4549-4F61-9948-D4CADADC2CD7}.Ad-Hoc|Any CPU.Build.0 = Release|Any CPU
		{C879E23D-4549-4F61-9948-D4CADADC2CD7}.Ad-Hoc|Any CPU.Deploy.0 = Release|Any CPU
		{C879E23D-4549-4F61-9948-D4CADADC2CD7}.Ad-Hoc|ARM.ActiveCfg = Release|Any CPU
		{C879E23D-4549-4F61-9948-D4CADADC2CD7}.Ad-Hoc|ARM.Build.0 = Release|Any CPU
		{C879E23D-4549-4F61-9948-D4CADADC2CD7}.Ad-Hoc|ARM.Deploy.0 = Release|Any CPU
		{C879E23D-4549-4F61-9948-D4CADADC2CD7}.Ad-Hoc|iPhone.ActiveCfg = Release|Any CPU
		{C879E23D-4549-4F61-9948-D4CADADC2CD7}.Ad-Hoc|iPhone.Build.0 = Release|Any CPU
		{C879E23D-4549-4F61-9948-D4CADADC2CD7}.Ad-Hoc|iPhone.Deploy.0 = Release|Any CPU
		{C879E23D-4549-4F61-9948-D4CADADC2CD7}.Ad-Hoc|iPhoneSimulator.ActiveCfg = Release|Any CPU
		{C879E23D-4549-4F61-9948-D4CADADC2CD7}.Ad-Hoc|iPhoneSimulator.Build.0 = Release|Any CPU
		{C879E23D-4549-4F61-9948-D4CADADC2CD7}.Ad-Hoc|iPhoneSimulator.Deploy.0 = Release|Any CPU
		{C879E23D-4549-4F61-9948-D4CADADC2CD7}.Ad-Hoc|x64.ActiveCfg = Release|Any CPU
		{C879E23D-4549-4F61-9948-D4CADADC2CD7}.Ad-Hoc|x64.Build.0 = Release|Any CPU
		{C879E23D-4549-4F61-9948-D4CADADC2CD7}.Ad-Hoc|x64.Deploy.0 = Release|Any CPU
		{C879E23D-4549-4F61-9948-D4CADADC2CD7}.Ad-Hoc|x86.ActiveCfg = Release|Any CPU
		{C879E23D-4549-4F61-9948-D4CADADC2CD7}.Ad-Hoc|x86.Build.0 = Release|Any CPU
		{C879E23D-4549-4F61-9948-D4CADADC2CD7}.Ad-Hoc|x86.Deploy.0 = Release|Any CPU
		{C879E23D-4549-4F61-9948-D4CADADC2CD7}.AppStore|Any CPU.ActiveCfg = Release|Any CPU
		{C879E23D-4549-4F61-9948-D4CADADC2CD7}.AppStore|Any CPU.Build.0 = Release|Any CPU
		{C879E23D-4549-4F61-9948-D4CADADC2CD7}.AppStore|Any CPU.Deploy.0 = Release|Any CPU
		{C879E23D-4549-4F61-9948-D4CADADC2CD7}.AppStore|ARM.ActiveCfg = Release|Any CPU
		{C879E23D-4549-4F61-9948-D4CADADC2CD7}.AppStore|ARM.Build.0 = Release|Any CPU
		{C879E23D-4549-4F61-9948-D4CADADC2CD7}.AppStore|ARM.Deploy.0 = Release|Any CPU
		{C879E23D-4549-4F61-9948-D4CADADC2CD7}.AppStore|iPhone.ActiveCfg = Release|Any CPU
		{C879E23D-4549-4F61-9948-D4CADADC2CD7}.AppStore|iPhone.Build.0 = Release|Any CPU
		{C879E23D-4549-4F61-9948-D4CADADC2CD7}.AppStore|iPhone.Deploy.0 = Release|Any CPU
		{C879E23D-4549-4F61-9948-D4CADADC2CD7}.AppStore|iPhoneSimulator.ActiveCfg = Release|Any CPU
		{C879E23D-4549-4F61-9948-D4CADADC2CD7}.AppStore|iPhoneSimulator.Build.0 = Release|Any CPU
		{C879E23D-4549-4F61-9948-D4CADADC2CD7}.AppStore|iPhoneSimulator.Deploy.0 = Release|Any CPU
		{C879E23D-4549-4F61-9948-D4CADADC2CD7}.AppStore|x64.ActiveCfg = Release|Any CPU
		{C879E23D-4549-4F61-9948-D4CADADC2CD7}.AppStore|x64.Build.0 = Release|Any CPU
		{C879E23D-4549-4F61-9948-D4CADADC2CD7}.AppStore|x64.Deploy.0 = Release|Any CPU
		{C879E23D-4549-4F61-9948-D4CADADC2CD7}.AppStore|x86.ActiveCfg = Release|Any CPU
		{C879E23D-4549-4F61-9948-D4CADADC2CD7}.AppStore|x86.Build.0 = Release|Any CPU
		{C879E23D-4549-4F61-9948-D4CADADC2CD7}.AppStore|x86.Deploy.0 = Release|Any CPU
		{C879E23D-4549-4F61-9948-D4CADADC2CD7}.Debug|Any CPU.ActiveCfg = Debug|Any CPU
		{C879E23D-4549-4F61-9948-D4CADADC2CD7}.Debug|Any CPU.Build.0 = Debug|Any CPU
		{C879E23D-4549-4F61-9948-D4CADADC2CD7}.Debug|Any CPU.Deploy.0 = Debug|Any CPU
		{C879E23D-4549-4F61-9948-D4CADADC2CD7}.Debug|ARM.ActiveCfg = Debug|Any CPU
		{C879E23D-4549-4F61-9948-D4CADADC2CD7}.Debug|ARM.Build.0 = Debug|Any CPU
		{C879E23D-4549-4F61-9948-D4CADADC2CD7}.Debug|ARM.Deploy.0 = Debug|Any CPU
		{C879E23D-4549-4F61-9948-D4CADADC2CD7}.Debug|iPhone.ActiveCfg = Debug|Any CPU
		{C879E23D-4549-4F61-9948-D4CADADC2CD7}.Debug|iPhone.Build.0 = Debug|Any CPU
		{C879E23D-4549-4F61-9948-D4CADADC2CD7}.Debug|iPhone.Deploy.0 = Debug|Any CPU
		{C879E23D-4549-4F61-9948-D4CADADC2CD7}.Debug|iPhoneSimulator.ActiveCfg = Debug|Any CPU
		{C879E23D-4549-4F61-9948-D4CADADC2CD7}.Debug|iPhoneSimulator.Build.0 = Debug|Any CPU
		{C879E23D-4549-4F61-9948-D4CADADC2CD7}.Debug|iPhoneSimulator.Deploy.0 = Debug|Any CPU
		{C879E23D-4549-4F61-9948-D4CADADC2CD7}.Debug|x64.ActiveCfg = Debug|Any CPU
		{C879E23D-4549-4F61-9948-D4CADADC2CD7}.Debug|x64.Build.0 = Debug|Any CPU
		{C879E23D-4549-4F61-9948-D4CADADC2CD7}.Debug|x64.Deploy.0 = Debug|Any CPU
		{C879E23D-4549-4F61-9948-D4CADADC2CD7}.Debug|x86.ActiveCfg = Debug|Any CPU
		{C879E23D-4549-4F61-9948-D4CADADC2CD7}.Debug|x86.Build.0 = Debug|Any CPU
		{C879E23D-4549-4F61-9948-D4CADADC2CD7}.Debug|x86.Deploy.0 = Debug|Any CPU
		{C879E23D-4549-4F61-9948-D4CADADC2CD7}.Release|Any CPU.ActiveCfg = Release|Any CPU
		{C879E23D-4549-4F61-9948-D4CADADC2CD7}.Release|Any CPU.Build.0 = Release|Any CPU
		{C879E23D-4549-4F61-9948-D4CADADC2CD7}.Release|Any CPU.Deploy.0 = Release|Any CPU
		{C879E23D-4549-4F61-9948-D4CADADC2CD7}.Release|ARM.ActiveCfg = Release|Any CPU
		{C879E23D-4549-4F61-9948-D4CADADC2CD7}.Release|ARM.Build.0 = Release|Any CPU
		{C879E23D-4549-4F61-9948-D4CADADC2CD7}.Release|ARM.Deploy.0 = Release|Any CPU
		{C879E23D-4549-4F61-9948-D4CADADC2CD7}.Release|iPhone.ActiveCfg = Release|Any CPU
		{C879E23D-4549-4F61-9948-D4CADADC2CD7}.Release|iPhone.Build.0 = Release|Any CPU
		{C879E23D-4549-4F61-9948-D4CADADC2CD7}.Release|iPhone.Deploy.0 = Release|Any CPU
		{C879E23D-4549-4F61-9948-D4CADADC2CD7}.Release|iPhoneSimulator.ActiveCfg = Release|Any CPU
		{C879E23D-4549-4F61-9948-D4CADADC2CD7}.Release|iPhoneSimulator.Build.0 = Release|Any CPU
		{C879E23D-4549-4F61-9948-D4CADADC2CD7}.Release|iPhoneSimulator.Deploy.0 = Release|Any CPU
		{C879E23D-4549-4F61-9948-D4CADADC2CD7}.Release|x64.ActiveCfg = Release|Any CPU
		{C879E23D-4549-4F61-9948-D4CADADC2CD7}.Release|x64.Build.0 = Release|Any CPU
		{C879E23D-4549-4F61-9948-D4CADADC2CD7}.Release|x64.Deploy.0 = Release|Any CPU
		{C879E23D-4549-4F61-9948-D4CADADC2CD7}.Release|x86.ActiveCfg = Release|Any CPU
		{C879E23D-4549-4F61-9948-D4CADADC2CD7}.Release|x86.Build.0 = Release|Any CPU
		{C879E23D-4549-4F61-9948-D4CADADC2CD7}.Release|x86.Deploy.0 = Release|Any CPU
		{04E691DF-4AB2-4DBF-8F78-044CB2179BA1}.Ad-Hoc|Any CPU.ActiveCfg = Ad-Hoc|iPhone
		{04E691DF-4AB2-4DBF-8F78-044CB2179BA1}.Ad-Hoc|ARM.ActiveCfg = Ad-Hoc|iPhone
		{04E691DF-4AB2-4DBF-8F78-044CB2179BA1}.Ad-Hoc|iPhone.ActiveCfg = Ad-Hoc|iPhone
		{04E691DF-4AB2-4DBF-8F78-044CB2179BA1}.Ad-Hoc|iPhone.Build.0 = Ad-Hoc|iPhone
		{04E691DF-4AB2-4DBF-8F78-044CB2179BA1}.Ad-Hoc|iPhoneSimulator.ActiveCfg = Ad-Hoc|iPhoneSimulator
		{04E691DF-4AB2-4DBF-8F78-044CB2179BA1}.Ad-Hoc|iPhoneSimulator.Build.0 = Ad-Hoc|iPhoneSimulator
		{04E691DF-4AB2-4DBF-8F78-044CB2179BA1}.Ad-Hoc|x64.ActiveCfg = Ad-Hoc|iPhone
		{04E691DF-4AB2-4DBF-8F78-044CB2179BA1}.Ad-Hoc|x86.ActiveCfg = Ad-Hoc|iPhone
		{04E691DF-4AB2-4DBF-8F78-044CB2179BA1}.AppStore|Any CPU.ActiveCfg = AppStore|iPhone
		{04E691DF-4AB2-4DBF-8F78-044CB2179BA1}.AppStore|ARM.ActiveCfg = AppStore|iPhone
		{04E691DF-4AB2-4DBF-8F78-044CB2179BA1}.AppStore|iPhone.ActiveCfg = AppStore|iPhone
		{04E691DF-4AB2-4DBF-8F78-044CB2179BA1}.AppStore|iPhone.Build.0 = AppStore|iPhone
		{04E691DF-4AB2-4DBF-8F78-044CB2179BA1}.AppStore|iPhoneSimulator.ActiveCfg = AppStore|iPhoneSimulator
		{04E691DF-4AB2-4DBF-8F78-044CB2179BA1}.AppStore|iPhoneSimulator.Build.0 = AppStore|iPhoneSimulator
		{04E691DF-4AB2-4DBF-8F78-044CB2179BA1}.AppStore|x64.ActiveCfg = AppStore|iPhone
		{04E691DF-4AB2-4DBF-8F78-044CB2179BA1}.AppStore|x86.ActiveCfg = AppStore|iPhone
		{04E691DF-4AB2-4DBF-8F78-044CB2179BA1}.Debug|Any CPU.ActiveCfg = Debug|iPhone
		{04E691DF-4AB2-4DBF-8F78-044CB2179BA1}.Debug|ARM.ActiveCfg = Debug|iPhone
		{04E691DF-4AB2-4DBF-8F78-044CB2179BA1}.Debug|iPhone.ActiveCfg = Debug|iPhone
		{04E691DF-4AB2-4DBF-8F78-044CB2179BA1}.Debug|iPhone.Build.0 = Debug|iPhone
		{04E691DF-4AB2-4DBF-8F78-044CB2179BA1}.Debug|iPhoneSimulator.ActiveCfg = Debug|iPhoneSimulator
		{04E691DF-4AB2-4DBF-8F78-044CB2179BA1}.Debug|iPhoneSimulator.Build.0 = Debug|iPhoneSimulator
		{04E691DF-4AB2-4DBF-8F78-044CB2179BA1}.Debug|x64.ActiveCfg = Debug|iPhone
		{04E691DF-4AB2-4DBF-8F78-044CB2179BA1}.Debug|x86.ActiveCfg = Debug|iPhone
		{04E691DF-4AB2-4DBF-8F78-044CB2179BA1}.Release|Any CPU.ActiveCfg = Release|iPhone
		{04E691DF-4AB2-4DBF-8F78-044CB2179BA1}.Release|ARM.ActiveCfg = Release|iPhone
		{04E691DF-4AB2-4DBF-8F78-044CB2179BA1}.Release|iPhone.ActiveCfg = Release|iPhone
		{04E691DF-4AB2-4DBF-8F78-044CB2179BA1}.Release|iPhone.Build.0 = Release|iPhone
		{04E691DF-4AB2-4DBF-8F78-044CB2179BA1}.Release|iPhoneSimulator.ActiveCfg = Release|iPhoneSimulator
		{04E691DF-4AB2-4DBF-8F78-044CB2179BA1}.Release|iPhoneSimulator.Build.0 = Release|iPhoneSimulator
		{04E691DF-4AB2-4DBF-8F78-044CB2179BA1}.Release|x64.ActiveCfg = Release|iPhone
		{04E691DF-4AB2-4DBF-8F78-044CB2179BA1}.Release|x86.ActiveCfg = Release|iPhone
		{BD98C0B6-7F43-486D-BF8D-EB4586539893}.Ad-Hoc|Any CPU.ActiveCfg = Release|Any CPU
		{BD98C0B6-7F43-486D-BF8D-EB4586539893}.Ad-Hoc|Any CPU.Build.0 = Release|Any CPU
		{BD98C0B6-7F43-486D-BF8D-EB4586539893}.Ad-Hoc|Any CPU.Deploy.0 = Release|Any CPU
		{BD98C0B6-7F43-486D-BF8D-EB4586539893}.Ad-Hoc|ARM.ActiveCfg = Release|ARM
		{BD98C0B6-7F43-486D-BF8D-EB4586539893}.Ad-Hoc|ARM.Build.0 = Release|ARM
		{BD98C0B6-7F43-486D-BF8D-EB4586539893}.Ad-Hoc|ARM.Deploy.0 = Release|ARM
		{BD98C0B6-7F43-486D-BF8D-EB4586539893}.Ad-Hoc|iPhone.ActiveCfg = Release|Any CPU
		{BD98C0B6-7F43-486D-BF8D-EB4586539893}.Ad-Hoc|iPhone.Build.0 = Release|Any CPU
		{BD98C0B6-7F43-486D-BF8D-EB4586539893}.Ad-Hoc|iPhone.Deploy.0 = Release|Any CPU
		{BD98C0B6-7F43-486D-BF8D-EB4586539893}.Ad-Hoc|iPhoneSimulator.ActiveCfg = Release|Any CPU
		{BD98C0B6-7F43-486D-BF8D-EB4586539893}.Ad-Hoc|iPhoneSimulator.Build.0 = Release|Any CPU
		{BD98C0B6-7F43-486D-BF8D-EB4586539893}.Ad-Hoc|iPhoneSimulator.Deploy.0 = Release|Any CPU
		{BD98C0B6-7F43-486D-BF8D-EB4586539893}.Ad-Hoc|x64.ActiveCfg = Release|Any CPU
		{BD98C0B6-7F43-486D-BF8D-EB4586539893}.Ad-Hoc|x64.Build.0 = Release|Any CPU
		{BD98C0B6-7F43-486D-BF8D-EB4586539893}.Ad-Hoc|x64.Deploy.0 = Release|Any CPU
		{BD98C0B6-7F43-486D-BF8D-EB4586539893}.Ad-Hoc|x86.ActiveCfg = Release|x86
		{BD98C0B6-7F43-486D-BF8D-EB4586539893}.Ad-Hoc|x86.Build.0 = Release|x86
		{BD98C0B6-7F43-486D-BF8D-EB4586539893}.Ad-Hoc|x86.Deploy.0 = Release|x86
		{BD98C0B6-7F43-486D-BF8D-EB4586539893}.AppStore|Any CPU.ActiveCfg = Release|Any CPU
		{BD98C0B6-7F43-486D-BF8D-EB4586539893}.AppStore|Any CPU.Build.0 = Release|Any CPU
		{BD98C0B6-7F43-486D-BF8D-EB4586539893}.AppStore|Any CPU.Deploy.0 = Release|Any CPU
		{BD98C0B6-7F43-486D-BF8D-EB4586539893}.AppStore|ARM.ActiveCfg = Release|ARM
		{BD98C0B6-7F43-486D-BF8D-EB4586539893}.AppStore|ARM.Build.0 = Release|ARM
		{BD98C0B6-7F43-486D-BF8D-EB4586539893}.AppStore|ARM.Deploy.0 = Release|ARM
		{BD98C0B6-7F43-486D-BF8D-EB4586539893}.AppStore|iPhone.ActiveCfg = Release|Any CPU
		{BD98C0B6-7F43-486D-BF8D-EB4586539893}.AppStore|iPhone.Build.0 = Release|Any CPU
		{BD98C0B6-7F43-486D-BF8D-EB4586539893}.AppStore|iPhone.Deploy.0 = Release|Any CPU
		{BD98C0B6-7F43-486D-BF8D-EB4586539893}.AppStore|iPhoneSimulator.ActiveCfg = Release|Any CPU
		{BD98C0B6-7F43-486D-BF8D-EB4586539893}.AppStore|iPhoneSimulator.Build.0 = Release|Any CPU
		{BD98C0B6-7F43-486D-BF8D-EB4586539893}.AppStore|iPhoneSimulator.Deploy.0 = Release|Any CPU
		{BD98C0B6-7F43-486D-BF8D-EB4586539893}.AppStore|x64.ActiveCfg = Release|Any CPU
		{BD98C0B6-7F43-486D-BF8D-EB4586539893}.AppStore|x64.Build.0 = Release|Any CPU
		{BD98C0B6-7F43-486D-BF8D-EB4586539893}.AppStore|x64.Deploy.0 = Release|Any CPU
		{BD98C0B6-7F43-486D-BF8D-EB4586539893}.AppStore|x86.ActiveCfg = Release|x86
		{BD98C0B6-7F43-486D-BF8D-EB4586539893}.AppStore|x86.Build.0 = Release|x86
		{BD98C0B6-7F43-486D-BF8D-EB4586539893}.AppStore|x86.Deploy.0 = Release|x86
		{BD98C0B6-7F43-486D-BF8D-EB4586539893}.Debug|Any CPU.ActiveCfg = Debug|Any CPU
		{BD98C0B6-7F43-486D-BF8D-EB4586539893}.Debug|Any CPU.Build.0 = Debug|Any CPU
		{BD98C0B6-7F43-486D-BF8D-EB4586539893}.Debug|Any CPU.Deploy.0 = Debug|Any CPU
		{BD98C0B6-7F43-486D-BF8D-EB4586539893}.Debug|ARM.ActiveCfg = Debug|ARM
		{BD98C0B6-7F43-486D-BF8D-EB4586539893}.Debug|ARM.Build.0 = Debug|ARM
		{BD98C0B6-7F43-486D-BF8D-EB4586539893}.Debug|ARM.Deploy.0 = Debug|ARM
		{BD98C0B6-7F43-486D-BF8D-EB4586539893}.Debug|iPhone.ActiveCfg = Debug|Any CPU
		{BD98C0B6-7F43-486D-BF8D-EB4586539893}.Debug|iPhone.Build.0 = Debug|Any CPU
		{BD98C0B6-7F43-486D-BF8D-EB4586539893}.Debug|iPhone.Deploy.0 = Debug|Any CPU
		{BD98C0B6-7F43-486D-BF8D-EB4586539893}.Debug|iPhoneSimulator.ActiveCfg = Debug|Any CPU
		{BD98C0B6-7F43-486D-BF8D-EB4586539893}.Debug|iPhoneSimulator.Build.0 = Debug|Any CPU
		{BD98C0B6-7F43-486D-BF8D-EB4586539893}.Debug|iPhoneSimulator.Deploy.0 = Debug|Any CPU
		{BD98C0B6-7F43-486D-BF8D-EB4586539893}.Debug|x64.ActiveCfg = Debug|Any CPU
		{BD98C0B6-7F43-486D-BF8D-EB4586539893}.Debug|x64.Build.0 = Debug|Any CPU
		{BD98C0B6-7F43-486D-BF8D-EB4586539893}.Debug|x64.Deploy.0 = Debug|Any CPU
		{BD98C0B6-7F43-486D-BF8D-EB4586539893}.Debug|x86.ActiveCfg = Debug|x86
		{BD98C0B6-7F43-486D-BF8D-EB4586539893}.Debug|x86.Build.0 = Debug|x86
		{BD98C0B6-7F43-486D-BF8D-EB4586539893}.Debug|x86.Deploy.0 = Debug|x86
		{BD98C0B6-7F43-486D-BF8D-EB4586539893}.Release|Any CPU.ActiveCfg = Release|Any CPU
		{BD98C0B6-7F43-486D-BF8D-EB4586539893}.Release|Any CPU.Build.0 = Release|Any CPU
		{BD98C0B6-7F43-486D-BF8D-EB4586539893}.Release|Any CPU.Deploy.0 = Release|Any CPU
		{BD98C0B6-7F43-486D-BF8D-EB4586539893}.Release|ARM.ActiveCfg = Release|ARM
		{BD98C0B6-7F43-486D-BF8D-EB4586539893}.Release|ARM.Build.0 = Release|ARM
		{BD98C0B6-7F43-486D-BF8D-EB4586539893}.Release|ARM.Deploy.0 = Release|ARM
		{BD98C0B6-7F43-486D-BF8D-EB4586539893}.Release|iPhone.ActiveCfg = Release|Any CPU
		{BD98C0B6-7F43-486D-BF8D-EB4586539893}.Release|iPhone.Build.0 = Release|Any CPU
		{BD98C0B6-7F43-486D-BF8D-EB4586539893}.Release|iPhone.Deploy.0 = Release|Any CPU
		{BD98C0B6-7F43-486D-BF8D-EB4586539893}.Release|iPhoneSimulator.ActiveCfg = Release|Any CPU
		{BD98C0B6-7F43-486D-BF8D-EB4586539893}.Release|iPhoneSimulator.Build.0 = Release|Any CPU
		{BD98C0B6-7F43-486D-BF8D-EB4586539893}.Release|iPhoneSimulator.Deploy.0 = Release|Any CPU
		{BD98C0B6-7F43-486D-BF8D-EB4586539893}.Release|x64.ActiveCfg = Release|Any CPU
		{BD98C0B6-7F43-486D-BF8D-EB4586539893}.Release|x64.Build.0 = Release|Any CPU
		{BD98C0B6-7F43-486D-BF8D-EB4586539893}.Release|x64.Deploy.0 = Release|Any CPU
		{BD98C0B6-7F43-486D-BF8D-EB4586539893}.Release|x86.ActiveCfg = Release|x86
		{BD98C0B6-7F43-486D-BF8D-EB4586539893}.Release|x86.Build.0 = Release|x86
		{BD98C0B6-7F43-486D-BF8D-EB4586539893}.Release|x86.Deploy.0 = Release|x86
		{D5F7896F-851E-4F5B-A2EA-F43C90BBBEAD}.Ad-Hoc|Any CPU.ActiveCfg = Release|x86
		{D5F7896F-851E-4F5B-A2EA-F43C90BBBEAD}.Ad-Hoc|Any CPU.Build.0 = Release|x86
		{D5F7896F-851E-4F5B-A2EA-F43C90BBBEAD}.Ad-Hoc|Any CPU.Deploy.0 = Release|x86
		{D5F7896F-851E-4F5B-A2EA-F43C90BBBEAD}.Ad-Hoc|ARM.ActiveCfg = Release|ARM
		{D5F7896F-851E-4F5B-A2EA-F43C90BBBEAD}.Ad-Hoc|ARM.Build.0 = Release|ARM
		{D5F7896F-851E-4F5B-A2EA-F43C90BBBEAD}.Ad-Hoc|ARM.Deploy.0 = Release|ARM
		{D5F7896F-851E-4F5B-A2EA-F43C90BBBEAD}.Ad-Hoc|iPhone.ActiveCfg = Release|x86
		{D5F7896F-851E-4F5B-A2EA-F43C90BBBEAD}.Ad-Hoc|iPhone.Build.0 = Release|x86
		{D5F7896F-851E-4F5B-A2EA-F43C90BBBEAD}.Ad-Hoc|iPhone.Deploy.0 = Release|x86
		{D5F7896F-851E-4F5B-A2EA-F43C90BBBEAD}.Ad-Hoc|iPhoneSimulator.ActiveCfg = Release|x86
		{D5F7896F-851E-4F5B-A2EA-F43C90BBBEAD}.Ad-Hoc|iPhoneSimulator.Build.0 = Release|x86
		{D5F7896F-851E-4F5B-A2EA-F43C90BBBEAD}.Ad-Hoc|iPhoneSimulator.Deploy.0 = Release|x86
		{D5F7896F-851E-4F5B-A2EA-F43C90BBBEAD}.Ad-Hoc|x64.ActiveCfg = Release|x64
		{D5F7896F-851E-4F5B-A2EA-F43C90BBBEAD}.Ad-Hoc|x64.Build.0 = Release|x64
		{D5F7896F-851E-4F5B-A2EA-F43C90BBBEAD}.Ad-Hoc|x64.Deploy.0 = Release|x64
		{D5F7896F-851E-4F5B-A2EA-F43C90BBBEAD}.Ad-Hoc|x86.ActiveCfg = Release|x86
		{D5F7896F-851E-4F5B-A2EA-F43C90BBBEAD}.Ad-Hoc|x86.Build.0 = Release|x86
		{D5F7896F-851E-4F5B-A2EA-F43C90BBBEAD}.Ad-Hoc|x86.Deploy.0 = Release|x86
		{D5F7896F-851E-4F5B-A2EA-F43C90BBBEAD}.AppStore|Any CPU.ActiveCfg = Release|x86
		{D5F7896F-851E-4F5B-A2EA-F43C90BBBEAD}.AppStore|Any CPU.Build.0 = Release|x86
		{D5F7896F-851E-4F5B-A2EA-F43C90BBBEAD}.AppStore|Any CPU.Deploy.0 = Release|x86
		{D5F7896F-851E-4F5B-A2EA-F43C90BBBEAD}.AppStore|ARM.ActiveCfg = Release|ARM
		{D5F7896F-851E-4F5B-A2EA-F43C90BBBEAD}.AppStore|ARM.Build.0 = Release|ARM
		{D5F7896F-851E-4F5B-A2EA-F43C90BBBEAD}.AppStore|ARM.Deploy.0 = Release|ARM
		{D5F7896F-851E-4F5B-A2EA-F43C90BBBEAD}.AppStore|iPhone.ActiveCfg = Release|x86
		{D5F7896F-851E-4F5B-A2EA-F43C90BBBEAD}.AppStore|iPhone.Build.0 = Release|x86
		{D5F7896F-851E-4F5B-A2EA-F43C90BBBEAD}.AppStore|iPhone.Deploy.0 = Release|x86
		{D5F7896F-851E-4F5B-A2EA-F43C90BBBEAD}.AppStore|iPhoneSimulator.ActiveCfg = Release|x86
		{D5F7896F-851E-4F5B-A2EA-F43C90BBBEAD}.AppStore|iPhoneSimulator.Build.0 = Release|x86
		{D5F7896F-851E-4F5B-A2EA-F43C90BBBEAD}.AppStore|iPhoneSimulator.Deploy.0 = Release|x86
		{D5F7896F-851E-4F5B-A2EA-F43C90BBBEAD}.AppStore|x64.ActiveCfg = Release|x64
		{D5F7896F-851E-4F5B-A2EA-F43C90BBBEAD}.AppStore|x64.Build.0 = Release|x64
		{D5F7896F-851E-4F5B-A2EA-F43C90BBBEAD}.AppStore|x64.Deploy.0 = Release|x64
		{D5F7896F-851E-4F5B-A2EA-F43C90BBBEAD}.AppStore|x86.ActiveCfg = Release|x86
		{D5F7896F-851E-4F5B-A2EA-F43C90BBBEAD}.AppStore|x86.Build.0 = Release|x86
		{D5F7896F-851E-4F5B-A2EA-F43C90BBBEAD}.AppStore|x86.Deploy.0 = Release|x86
		{D5F7896F-851E-4F5B-A2EA-F43C90BBBEAD}.Debug|Any CPU.ActiveCfg = Debug|x86
		{D5F7896F-851E-4F5B-A2EA-F43C90BBBEAD}.Debug|ARM.ActiveCfg = Debug|ARM
		{D5F7896F-851E-4F5B-A2EA-F43C90BBBEAD}.Debug|ARM.Build.0 = Debug|ARM
		{D5F7896F-851E-4F5B-A2EA-F43C90BBBEAD}.Debug|ARM.Deploy.0 = Debug|ARM
		{D5F7896F-851E-4F5B-A2EA-F43C90BBBEAD}.Debug|iPhone.ActiveCfg = Debug|x86
		{D5F7896F-851E-4F5B-A2EA-F43C90BBBEAD}.Debug|iPhoneSimulator.ActiveCfg = Debug|x86
		{D5F7896F-851E-4F5B-A2EA-F43C90BBBEAD}.Debug|x64.ActiveCfg = Debug|x64
		{D5F7896F-851E-4F5B-A2EA-F43C90BBBEAD}.Debug|x64.Build.0 = Debug|x64
		{D5F7896F-851E-4F5B-A2EA-F43C90BBBEAD}.Debug|x64.Deploy.0 = Debug|x64
		{D5F7896F-851E-4F5B-A2EA-F43C90BBBEAD}.Debug|x86.ActiveCfg = Debug|x86
		{D5F7896F-851E-4F5B-A2EA-F43C90BBBEAD}.Debug|x86.Build.0 = Debug|x86
		{D5F7896F-851E-4F5B-A2EA-F43C90BBBEAD}.Debug|x86.Deploy.0 = Debug|x86
		{D5F7896F-851E-4F5B-A2EA-F43C90BBBEAD}.Release|Any CPU.ActiveCfg = Release|x86
		{D5F7896F-851E-4F5B-A2EA-F43C90BBBEAD}.Release|ARM.ActiveCfg = Release|ARM
		{D5F7896F-851E-4F5B-A2EA-F43C90BBBEAD}.Release|ARM.Build.0 = Release|ARM
		{D5F7896F-851E-4F5B-A2EA-F43C90BBBEAD}.Release|ARM.Deploy.0 = Release|ARM
		{D5F7896F-851E-4F5B-A2EA-F43C90BBBEAD}.Release|iPhone.ActiveCfg = Release|x86
		{D5F7896F-851E-4F5B-A2EA-F43C90BBBEAD}.Release|iPhoneSimulator.ActiveCfg = Release|x86
		{D5F7896F-851E-4F5B-A2EA-F43C90BBBEAD}.Release|x64.ActiveCfg = Release|x64
		{D5F7896F-851E-4F5B-A2EA-F43C90BBBEAD}.Release|x64.Build.0 = Release|x64
		{D5F7896F-851E-4F5B-A2EA-F43C90BBBEAD}.Release|x64.Deploy.0 = Release|x64
		{D5F7896F-851E-4F5B-A2EA-F43C90BBBEAD}.Release|x86.ActiveCfg = Release|x86
		{D5F7896F-851E-4F5B-A2EA-F43C90BBBEAD}.Release|x86.Build.0 = Release|x86
		{D5F7896F-851E-4F5B-A2EA-F43C90BBBEAD}.Release|x86.Deploy.0 = Release|x86
		{0D63724A-F7B7-4278-9993-75A62A67F89F}.Ad-Hoc|Any CPU.ActiveCfg = Release|Any CPU
		{0D63724A-F7B7-4278-9993-75A62A67F89F}.Ad-Hoc|Any CPU.Build.0 = Release|Any CPU
		{0D63724A-F7B7-4278-9993-75A62A67F89F}.Ad-Hoc|Any CPU.Deploy.0 = Release|Any CPU
		{0D63724A-F7B7-4278-9993-75A62A67F89F}.Ad-Hoc|ARM.ActiveCfg = Release|ARM
		{0D63724A-F7B7-4278-9993-75A62A67F89F}.Ad-Hoc|ARM.Build.0 = Release|ARM
		{0D63724A-F7B7-4278-9993-75A62A67F89F}.Ad-Hoc|ARM.Deploy.0 = Release|ARM
		{0D63724A-F7B7-4278-9993-75A62A67F89F}.Ad-Hoc|iPhone.ActiveCfg = Release|Any CPU
		{0D63724A-F7B7-4278-9993-75A62A67F89F}.Ad-Hoc|iPhone.Build.0 = Release|Any CPU
		{0D63724A-F7B7-4278-9993-75A62A67F89F}.Ad-Hoc|iPhone.Deploy.0 = Release|Any CPU
		{0D63724A-F7B7-4278-9993-75A62A67F89F}.Ad-Hoc|iPhoneSimulator.ActiveCfg = Release|Any CPU
		{0D63724A-F7B7-4278-9993-75A62A67F89F}.Ad-Hoc|iPhoneSimulator.Build.0 = Release|Any CPU
		{0D63724A-F7B7-4278-9993-75A62A67F89F}.Ad-Hoc|iPhoneSimulator.Deploy.0 = Release|Any CPU
		{0D63724A-F7B7-4278-9993-75A62A67F89F}.Ad-Hoc|x64.ActiveCfg = Release|x64
		{0D63724A-F7B7-4278-9993-75A62A67F89F}.Ad-Hoc|x64.Build.0 = Release|x64
		{0D63724A-F7B7-4278-9993-75A62A67F89F}.Ad-Hoc|x64.Deploy.0 = Release|x64
		{0D63724A-F7B7-4278-9993-75A62A67F89F}.Ad-Hoc|x86.ActiveCfg = Release|x86
		{0D63724A-F7B7-4278-9993-75A62A67F89F}.Ad-Hoc|x86.Build.0 = Release|x86
		{0D63724A-F7B7-4278-9993-75A62A67F89F}.Ad-Hoc|x86.Deploy.0 = Release|x86
		{0D63724A-F7B7-4278-9993-75A62A67F89F}.AppStore|Any CPU.ActiveCfg = Release|Any CPU
		{0D63724A-F7B7-4278-9993-75A62A67F89F}.AppStore|Any CPU.Build.0 = Release|Any CPU
		{0D63724A-F7B7-4278-9993-75A62A67F89F}.AppStore|Any CPU.Deploy.0 = Release|Any CPU
		{0D63724A-F7B7-4278-9993-75A62A67F89F}.AppStore|ARM.ActiveCfg = Release|ARM
		{0D63724A-F7B7-4278-9993-75A62A67F89F}.AppStore|ARM.Build.0 = Release|ARM
		{0D63724A-F7B7-4278-9993-75A62A67F89F}.AppStore|ARM.Deploy.0 = Release|ARM
		{0D63724A-F7B7-4278-9993-75A62A67F89F}.AppStore|iPhone.ActiveCfg = Release|Any CPU
		{0D63724A-F7B7-4278-9993-75A62A67F89F}.AppStore|iPhone.Build.0 = Release|Any CPU
		{0D63724A-F7B7-4278-9993-75A62A67F89F}.AppStore|iPhone.Deploy.0 = Release|Any CPU
		{0D63724A-F7B7-4278-9993-75A62A67F89F}.AppStore|iPhoneSimulator.ActiveCfg = Release|Any CPU
		{0D63724A-F7B7-4278-9993-75A62A67F89F}.AppStore|iPhoneSimulator.Build.0 = Release|Any CPU
		{0D63724A-F7B7-4278-9993-75A62A67F89F}.AppStore|iPhoneSimulator.Deploy.0 = Release|Any CPU
		{0D63724A-F7B7-4278-9993-75A62A67F89F}.AppStore|x64.ActiveCfg = Release|x64
		{0D63724A-F7B7-4278-9993-75A62A67F89F}.AppStore|x64.Build.0 = Release|x64
		{0D63724A-F7B7-4278-9993-75A62A67F89F}.AppStore|x64.Deploy.0 = Release|x64
		{0D63724A-F7B7-4278-9993-75A62A67F89F}.AppStore|x86.ActiveCfg = Release|x86
		{0D63724A-F7B7-4278-9993-75A62A67F89F}.AppStore|x86.Build.0 = Release|x86
		{0D63724A-F7B7-4278-9993-75A62A67F89F}.AppStore|x86.Deploy.0 = Release|x86
		{0D63724A-F7B7-4278-9993-75A62A67F89F}.Debug|Any CPU.ActiveCfg = Debug|Any CPU
		{0D63724A-F7B7-4278-9993-75A62A67F89F}.Debug|Any CPU.Build.0 = Debug|Any CPU
		{0D63724A-F7B7-4278-9993-75A62A67F89F}.Debug|Any CPU.Deploy.0 = Debug|Any CPU
		{0D63724A-F7B7-4278-9993-75A62A67F89F}.Debug|ARM.ActiveCfg = Debug|ARM
		{0D63724A-F7B7-4278-9993-75A62A67F89F}.Debug|ARM.Build.0 = Debug|ARM
		{0D63724A-F7B7-4278-9993-75A62A67F89F}.Debug|ARM.Deploy.0 = Debug|ARM
		{0D63724A-F7B7-4278-9993-75A62A67F89F}.Debug|iPhone.ActiveCfg = Debug|Any CPU
		{0D63724A-F7B7-4278-9993-75A62A67F89F}.Debug|iPhone.Build.0 = Debug|Any CPU
		{0D63724A-F7B7-4278-9993-75A62A67F89F}.Debug|iPhone.Deploy.0 = Debug|Any CPU
		{0D63724A-F7B7-4278-9993-75A62A67F89F}.Debug|iPhoneSimulator.ActiveCfg = Debug|Any CPU
		{0D63724A-F7B7-4278-9993-75A62A67F89F}.Debug|iPhoneSimulator.Build.0 = Debug|Any CPU
		{0D63724A-F7B7-4278-9993-75A62A67F89F}.Debug|iPhoneSimulator.Deploy.0 = Debug|Any CPU
		{0D63724A-F7B7-4278-9993-75A62A67F89F}.Debug|x64.ActiveCfg = Debug|x64
		{0D63724A-F7B7-4278-9993-75A62A67F89F}.Debug|x64.Build.0 = Debug|x64
		{0D63724A-F7B7-4278-9993-75A62A67F89F}.Debug|x64.Deploy.0 = Debug|x64
		{0D63724A-F7B7-4278-9993-75A62A67F89F}.Debug|x86.ActiveCfg = Debug|x86
		{0D63724A-F7B7-4278-9993-75A62A67F89F}.Debug|x86.Build.0 = Debug|x86
		{0D63724A-F7B7-4278-9993-75A62A67F89F}.Debug|x86.Deploy.0 = Debug|x86
		{0D63724A-F7B7-4278-9993-75A62A67F89F}.Release|Any CPU.ActiveCfg = Release|Any CPU
		{0D63724A-F7B7-4278-9993-75A62A67F89F}.Release|Any CPU.Build.0 = Release|Any CPU
		{0D63724A-F7B7-4278-9993-75A62A67F89F}.Release|Any CPU.Deploy.0 = Release|Any CPU
		{0D63724A-F7B7-4278-9993-75A62A67F89F}.Release|ARM.ActiveCfg = Release|ARM
		{0D63724A-F7B7-4278-9993-75A62A67F89F}.Release|ARM.Build.0 = Release|ARM
		{0D63724A-F7B7-4278-9993-75A62A67F89F}.Release|ARM.Deploy.0 = Release|ARM
		{0D63724A-F7B7-4278-9993-75A62A67F89F}.Release|iPhone.ActiveCfg = Release|Any CPU
		{0D63724A-F7B7-4278-9993-75A62A67F89F}.Release|iPhone.Build.0 = Release|Any CPU
		{0D63724A-F7B7-4278-9993-75A62A67F89F}.Release|iPhone.Deploy.0 = Release|Any CPU
		{0D63724A-F7B7-4278-9993-75A62A67F89F}.Release|iPhoneSimulator.ActiveCfg = Release|Any CPU
		{0D63724A-F7B7-4278-9993-75A62A67F89F}.Release|iPhoneSimulator.Build.0 = Release|Any CPU
		{0D63724A-F7B7-4278-9993-75A62A67F89F}.Release|iPhoneSimulator.Deploy.0 = Release|Any CPU
		{0D63724A-F7B7-4278-9993-75A62A67F89F}.Release|x64.ActiveCfg = Release|x64
		{0D63724A-F7B7-4278-9993-75A62A67F89F}.Release|x64.Build.0 = Release|x64
		{0D63724A-F7B7-4278-9993-75A62A67F89F}.Release|x64.Deploy.0 = Release|x64
		{0D63724A-F7B7-4278-9993-75A62A67F89F}.Release|x86.ActiveCfg = Release|x86
		{0D63724A-F7B7-4278-9993-75A62A67F89F}.Release|x86.Build.0 = Release|x86
		{0D63724A-F7B7-4278-9993-75A62A67F89F}.Release|x86.Deploy.0 = Release|x86
		{78269D27-2F16-4EB3-9DC5-D4CF76C0548D}.Ad-Hoc|Any CPU.ActiveCfg = Release|Any CPU
		{78269D27-2F16-4EB3-9DC5-D4CF76C0548D}.Ad-Hoc|Any CPU.Build.0 = Release|Any CPU
		{78269D27-2F16-4EB3-9DC5-D4CF76C0548D}.Ad-Hoc|ARM.ActiveCfg = Release|Any CPU
		{78269D27-2F16-4EB3-9DC5-D4CF76C0548D}.Ad-Hoc|ARM.Build.0 = Release|Any CPU
		{78269D27-2F16-4EB3-9DC5-D4CF76C0548D}.Ad-Hoc|iPhone.ActiveCfg = Release|Any CPU
		{78269D27-2F16-4EB3-9DC5-D4CF76C0548D}.Ad-Hoc|iPhone.Build.0 = Release|Any CPU
		{78269D27-2F16-4EB3-9DC5-D4CF76C0548D}.Ad-Hoc|iPhoneSimulator.ActiveCfg = Release|Any CPU
		{78269D27-2F16-4EB3-9DC5-D4CF76C0548D}.Ad-Hoc|iPhoneSimulator.Build.0 = Release|Any CPU
		{78269D27-2F16-4EB3-9DC5-D4CF76C0548D}.Ad-Hoc|x64.ActiveCfg = Release|Any CPU
		{78269D27-2F16-4EB3-9DC5-D4CF76C0548D}.Ad-Hoc|x64.Build.0 = Release|Any CPU
		{78269D27-2F16-4EB3-9DC5-D4CF76C0548D}.Ad-Hoc|x86.ActiveCfg = Release|Any CPU
		{78269D27-2F16-4EB3-9DC5-D4CF76C0548D}.Ad-Hoc|x86.Build.0 = Release|Any CPU
		{78269D27-2F16-4EB3-9DC5-D4CF76C0548D}.AppStore|Any CPU.ActiveCfg = Release|Any CPU
		{78269D27-2F16-4EB3-9DC5-D4CF76C0548D}.AppStore|Any CPU.Build.0 = Release|Any CPU
		{78269D27-2F16-4EB3-9DC5-D4CF76C0548D}.AppStore|ARM.ActiveCfg = Release|Any CPU
		{78269D27-2F16-4EB3-9DC5-D4CF76C0548D}.AppStore|ARM.Build.0 = Release|Any CPU
		{78269D27-2F16-4EB3-9DC5-D4CF76C0548D}.AppStore|iPhone.ActiveCfg = Release|Any CPU
		{78269D27-2F16-4EB3-9DC5-D4CF76C0548D}.AppStore|iPhone.Build.0 = Release|Any CPU
		{78269D27-2F16-4EB3-9DC5-D4CF76C0548D}.AppStore|iPhoneSimulator.ActiveCfg = Release|Any CPU
		{78269D27-2F16-4EB3-9DC5-D4CF76C0548D}.AppStore|iPhoneSimulator.Build.0 = Release|Any CPU
		{78269D27-2F16-4EB3-9DC5-D4CF76C0548D}.AppStore|x64.ActiveCfg = Release|Any CPU
		{78269D27-2F16-4EB3-9DC5-D4CF76C0548D}.AppStore|x64.Build.0 = Release|Any CPU
		{78269D27-2F16-4EB3-9DC5-D4CF76C0548D}.AppStore|x86.ActiveCfg = Release|Any CPU
		{78269D27-2F16-4EB3-9DC5-D4CF76C0548D}.AppStore|x86.Build.0 = Release|Any CPU
		{78269D27-2F16-4EB3-9DC5-D4CF76C0548D}.Debug|Any CPU.ActiveCfg = Debug|Any CPU
		{78269D27-2F16-4EB3-9DC5-D4CF76C0548D}.Debug|Any CPU.Build.0 = Debug|Any CPU
		{78269D27-2F16-4EB3-9DC5-D4CF76C0548D}.Debug|ARM.ActiveCfg = Debug|Any CPU
		{78269D27-2F16-4EB3-9DC5-D4CF76C0548D}.Debug|ARM.Build.0 = Debug|Any CPU
		{78269D27-2F16-4EB3-9DC5-D4CF76C0548D}.Debug|iPhone.ActiveCfg = Debug|Any CPU
		{78269D27-2F16-4EB3-9DC5-D4CF76C0548D}.Debug|iPhone.Build.0 = Debug|Any CPU
		{78269D27-2F16-4EB3-9DC5-D4CF76C0548D}.Debug|iPhoneSimulator.ActiveCfg = Debug|Any CPU
		{78269D27-2F16-4EB3-9DC5-D4CF76C0548D}.Debug|iPhoneSimulator.Build.0 = Debug|Any CPU
		{78269D27-2F16-4EB3-9DC5-D4CF76C0548D}.Debug|x64.ActiveCfg = Debug|Any CPU
		{78269D27-2F16-4EB3-9DC5-D4CF76C0548D}.Debug|x64.Build.0 = Debug|Any CPU
		{78269D27-2F16-4EB3-9DC5-D4CF76C0548D}.Debug|x86.ActiveCfg = Debug|Any CPU
		{78269D27-2F16-4EB3-9DC5-D4CF76C0548D}.Debug|x86.Build.0 = Debug|Any CPU
		{78269D27-2F16-4EB3-9DC5-D4CF76C0548D}.Release|Any CPU.ActiveCfg = Release|Any CPU
		{78269D27-2F16-4EB3-9DC5-D4CF76C0548D}.Release|Any CPU.Build.0 = Release|Any CPU
		{78269D27-2F16-4EB3-9DC5-D4CF76C0548D}.Release|ARM.ActiveCfg = Release|Any CPU
		{78269D27-2F16-4EB3-9DC5-D4CF76C0548D}.Release|ARM.Build.0 = Release|Any CPU
		{78269D27-2F16-4EB3-9DC5-D4CF76C0548D}.Release|iPhone.ActiveCfg = Release|Any CPU
		{78269D27-2F16-4EB3-9DC5-D4CF76C0548D}.Release|iPhone.Build.0 = Release|Any CPU
		{78269D27-2F16-4EB3-9DC5-D4CF76C0548D}.Release|iPhoneSimulator.ActiveCfg = Release|Any CPU
		{78269D27-2F16-4EB3-9DC5-D4CF76C0548D}.Release|iPhoneSimulator.Build.0 = Release|Any CPU
		{78269D27-2F16-4EB3-9DC5-D4CF76C0548D}.Release|x64.ActiveCfg = Release|Any CPU
		{78269D27-2F16-4EB3-9DC5-D4CF76C0548D}.Release|x64.Build.0 = Release|Any CPU
		{78269D27-2F16-4EB3-9DC5-D4CF76C0548D}.Release|x86.ActiveCfg = Release|Any CPU
		{78269D27-2F16-4EB3-9DC5-D4CF76C0548D}.Release|x86.Build.0 = Release|Any CPU
	EndGlobalSection
	GlobalSection(SolutionProperties) = preSolution
		HideSolutionNode = FALSE
	EndGlobalSection
EndGlobal
